
Microsoft Visual Studio Solution File, Format Version 12.00
# Visual Studio 15
VisualStudioVersion = 15.0.27130.2024
MinimumVisualStudioVersion = 10.0.40219.1
Project("{8BC9CEB8-8B4A-11D0-8D11-00A0C91BC942}") = "MoveFile", "MoveFile\MoveFile.vcxproj", "{6A089F7D-3797-402A-8342-B7E190C560C2}"
EndProject
Global
	GlobalSection(SolutionConfigurationPlatforms) = preSolution
		Debug|x64 = Debug|x64
		Debug|x86 = Debug|x86
		Release|x64 = Release|x64
		Release|x86 = Release|x86
	EndGlobalSection
	GlobalSection(ProjectConfigurationPlatforms) = postSolution
		{6A089F7D-3797-402A-8342-B7E190C560C2}.Debug|x64.ActiveCfg = Debug|x64
		{6A089F7D-3797-402A-8342-B7E190C560C2}.Debug|x64.Build.0 = Debug|x64
		{6A089F7D-3797-402A-8342-B7E190C560C2}.Debug|x86.ActiveCfg = Debug|Win32
		{6A089F7D-3797-402A-8342-B7E190C560C2}.Debug|x86.Build.0 = Debug|Win32
		{6A089F7D-3797-402A-8342-B7E190C560C2}.Release|x64.ActiveCfg = Release|x64
		{6A089F7D-3797-402A-8342-B7E190C560C2}.Release|x64.Build.0 = Release|x64
		{6A089F7D-3797-402A-8342-B7E190C560C2}.Release|x86.ActiveCfg = Release|Win32
		{6A089F7D-3797-402A-8342-B7E190C560C2}.Release|x86.Build.0 = Release|Win32
	EndGlobalSection
	GlobalSection(SolutionProperties) = preSolution
		HideSolutionNode = FALSE
	EndGlobalSection
	GlobalSection(ExtensibilityGlobals) = postSolution
		SolutionGuid = {DB4E292E-D2C0-4E82-B32B-A89F46A5BF69}
	EndGlobalSection
EndGlobal
